
Microsoft Visual Studio Solution File, Format Version 12.00
# Visual Studio Version 17
VisualStudioVersion = 17.6.33815.320
MinimumVisualStudioVersion = 10.0.40219.1
Project("{FAE04EC0-301F-11D3-BF4B-00C04F79EFBC}") = "BlazorEcommerce.Server", "BlazorEcommerce\Server\BlazorEcommerce.Server.csproj", "{1D382BFC-24C6-4EA1-A33D-4DC40A0622B7}"
EndProject
Project("{FAE04EC0-301F-11D3-BF4B-00C04F79EFBC}") = "BlazorEcommerce.Client", "BlazorEcommerce\Client\BlazorEcommerce.Client.csproj", "{ED7A93F0-DE98-45AC-B7BB-3DF5FFBC56E8}"
EndProject
Project("{FAE04EC0-301F-11D3-BF4B-00C04F79EFBC}") = "BlazorEcommerce.Shared", "BlazorEcommerce\Shared\BlazorEcommerce.Shared.csproj", "{D048C8DB-B467-4DFA-B65A-7061E634BAFD}"
EndProject
Global
	GlobalSection(SolutionConfigurationPlatforms) = preSolution
		Debug|Any CPU = Debug|Any CPU
		Release|Any CPU = Release|Any CPU
	EndGlobalSection
	GlobalSection(ProjectConfigurationPlatforms) = postSolution
		{1D382BFC-24C6-4EA1-A33D-4DC40A0622B7}.Debug|Any CPU.ActiveCfg = Debug|Any CPU
		{1D382BFC-24C6-4EA1-A33D-4DC40A0622B7}.Debug|Any CPU.Build.0 = Debug|Any CPU
		{1D382BFC-24C6-4EA1-A33D-4DC40A0622B7}.Release|Any CPU.ActiveCfg = Release|Any CPU
		{1D382BFC-24C6-4EA1-A33D-4DC40A0622B7}.Release|Any CPU.Build.0 = Release|Any CPU
		{ED7A93F0-DE98-45AC-B7BB-3DF5FFBC56E8}.Debug|Any CPU.ActiveCfg = Debug|Any CPU
		{ED7A93F0-DE98-45AC-B7BB-3DF5FFBC56E8}.Debug|Any CPU.Build.0 = Debug|Any CPU
		{ED7A93F0-DE98-45AC-B7BB-3DF5FFBC56E8}.Release|Any CPU.ActiveCfg = Release|Any CPU
		{ED7A93F0-DE98-45AC-B7BB-3DF5FFBC56E8}.Release|Any CPU.Build.0 = Release|Any CPU
		{D048C8DB-B467-4DFA-B65A-7061E634BAFD}.Debug|Any CPU.ActiveCfg = Debug|Any CPU
		{D048C8DB-B467-4DFA-B65A-7061E634BAFD}.Debug|Any CPU.Build.0 = Debug|Any CPU
		{D048C8DB-B467-4DFA-B65A-7061E634BAFD}.Release|Any CPU.ActiveCfg = Release|Any CPU
		{D048C8DB-B467-4DFA-B65A-7061E634BAFD}.Release|Any CPU.Build.0 = Release|Any CPU
	EndGlobalSection
	GlobalSection(SolutionProperties) = preSolution
		HideSolutionNode = FALSE
	EndGlobalSection
	GlobalSection(ExtensibilityGlobals) = postSolution
		SolutionGuid = {73B33B3A-5FFA-46C5-BDE3-8EF8CE525D35}
	EndGlobalSection
EndGlobal
